// !$*UTF8*$!
{
	archiveVersion = 1;
	classes = {
	};
	objectVersion = 56;
	objects = {

/* Begin PBXBuildFile section */
		18AA102A2BA0005B006DC865 /* AppDelegate.swift in Sources */ = {isa = PBXBuildFile; fileRef = 18AA10292BA0005B006DC865 /* AppDelegate.swift */; };
		18AA102C2BA0005B006DC865 /* SceneDelegate.swift in Sources */ = {isa = PBXBuildFile; fileRef = 18AA102B2BA0005B006DC865 /* SceneDelegate.swift */; };
		18AA10332BA0005C006DC865 /* Assets.xcassets in Resources */ = {isa = PBXBuildFile; fileRef = 18AA10322BA0005C006DC865 /* Assets.xcassets */; };
		18AA10362BA0005C006DC865 /* Base in Resources */ = {isa = PBXBuildFile; fileRef = 18AA10352BA0005C006DC865 /* Base */; };
		18AA103E2BA017F5006DC865 /* SearchVC.swift in Sources */ = {isa = PBXBuildFile; fileRef = 18AA103D2BA017F5006DC865 /* SearchVC.swift */; };
		18AA10402BA0181E006DC865 /* FavouritesListVC.swift in Sources */ = {isa = PBXBuildFile; fileRef = 18AA103F2BA0181E006DC865 /* FavouritesListVC.swift */; };
		18AA10422BA01E76006DC865 /* GFButton.swift in Sources */ = {isa = PBXBuildFile; fileRef = 18AA10412BA01E76006DC865 /* GFButton.swift */; };
		18AA10442BA021CF006DC865 /* GFSearchTextField.swift in Sources */ = {isa = PBXBuildFile; fileRef = 18AA10432BA021CF006DC865 /* GFSearchTextField.swift */; };
		18AA10462BA0388A006DC865 /* FollowerListVC.swift in Sources */ = {isa = PBXBuildFile; fileRef = 18AA10452BA0388A006DC865 /* FollowerListVC.swift */; };
		18AA10482BA066F7006DC865 /* GFTitleLabel.swift in Sources */ = {isa = PBXBuildFile; fileRef = 18AA10472BA066F7006DC865 /* GFTitleLabel.swift */; };
		18AA104A2BA06878006DC865 /* GFBodyLabel.swift in Sources */ = {isa = PBXBuildFile; fileRef = 18AA10492BA06878006DC865 /* GFBodyLabel.swift */; };
		18AA104C2BA06955006DC865 /* GFAlertVC.swift in Sources */ = {isa = PBXBuildFile; fileRef = 18AA104B2BA06955006DC865 /* GFAlertVC.swift */; };
		18AA10502BA06FD8006DC865 /* UIViewController+Ext.swift in Sources */ = {isa = PBXBuildFile; fileRef = 18AA104F2BA06FD8006DC865 /* UIViewController+Ext.swift */; };
/* End PBXBuildFile section */

/* Begin PBXFileReference section */
		18AA10262BA0005B006DC865 /* github-followers.app */ = {isa = PBXFileReference; explicitFileType = wrapper.application; includeInIndex = 0; path = "github-followers.app"; sourceTree = BUILT_PRODUCTS_DIR; };
		18AA10292BA0005B006DC865 /* AppDelegate.swift */ = {isa = PBXFileReference; lastKnownFileType = sourcecode.swift; path = AppDelegate.swift; sourceTree = "<group>"; };
		18AA102B2BA0005B006DC865 /* SceneDelegate.swift */ = {isa = PBXFileReference; lastKnownFileType = sourcecode.swift; path = SceneDelegate.swift; sourceTree = "<group>"; };
		18AA10322BA0005C006DC865 /* Assets.xcassets */ = {isa = PBXFileReference; lastKnownFileType = folder.assetcatalog; path = Assets.xcassets; sourceTree = "<group>"; };
		18AA10352BA0005C006DC865 /* Base */ = {isa = PBXFileReference; lastKnownFileType = file.storyboard; name = Base; path = Base.lproj/LaunchScreen.storyboard; sourceTree = "<group>"; };
		18AA10372BA0005C006DC865 /* Info.plist */ = {isa = PBXFileReference; lastKnownFileType = text.plist.xml; path = Info.plist; sourceTree = "<group>"; };
		18AA103D2BA017F5006DC865 /* SearchVC.swift */ = {isa = PBXFileReference; lastKnownFileType = sourcecode.swift; path = SearchVC.swift; sourceTree = "<group>"; };
		18AA103F2BA0181E006DC865 /* FavouritesListVC.swift */ = {isa = PBXFileReference; lastKnownFileType = sourcecode.swift; path = FavouritesListVC.swift; sourceTree = "<group>"; };
		18AA10412BA01E76006DC865 /* GFButton.swift */ = {isa = PBXFileReference; lastKnownFileType = sourcecode.swift; path = GFButton.swift; sourceTree = "<group>"; };
		18AA10432BA021CF006DC865 /* GFSearchTextField.swift */ = {isa = PBXFileReference; lastKnownFileType = sourcecode.swift; path = GFSearchTextField.swift; sourceTree = "<group>"; };
		18AA10452BA0388A006DC865 /* FollowerListVC.swift */ = {isa = PBXFileReference; lastKnownFileType = sourcecode.swift; path = FollowerListVC.swift; sourceTree = "<group>"; };
		18AA10472BA066F7006DC865 /* GFTitleLabel.swift */ = {isa = PBXFileReference; lastKnownFileType = sourcecode.swift; path = GFTitleLabel.swift; sourceTree = "<group>"; };
		18AA10492BA06878006DC865 /* GFBodyLabel.swift */ = {isa = PBXFileReference; lastKnownFileType = sourcecode.swift; path = GFBodyLabel.swift; sourceTree = "<group>"; };
		18AA104B2BA06955006DC865 /* GFAlertVC.swift */ = {isa = PBXFileReference; lastKnownFileType = sourcecode.swift; path = GFAlertVC.swift; sourceTree = "<group>"; };
		18AA104F2BA06FD8006DC865 /* UIViewController+Ext.swift */ = {isa = PBXFileReference; lastKnownFileType = sourcecode.swift; path = "UIViewController+Ext.swift"; sourceTree = "<group>"; };
/* End PBXFileReference section */

/* Begin PBXFrameworksBuildPhase section */
		18AA10232BA0005B006DC865 /* Frameworks */ = {
			isa = PBXFrameworksBuildPhase;
			buildActionMask = 2147483647;
			files = (
			);
			runOnlyForDeploymentPostprocessing = 0;
		};
/* End PBXFrameworksBuildPhase section */

/* Begin PBXGroup section */
		18AA101D2BA0005B006DC865 = {
			isa = PBXGroup;
			children = (
				18AA10282BA0005B006DC865 /* github-followers */,
				18AA10272BA0005B006DC865 /* Products */,
			);
			sourceTree = "<group>";
		};
		18AA10272BA0005B006DC865 /* Products */ = {
			isa = PBXGroup;
			children = (
				18AA10262BA0005B006DC865 /* github-followers.app */,
			);
			name = Products;
			sourceTree = "<group>";
		};
		18AA10282BA0005B006DC865 /* github-followers */ = {
			isa = PBXGroup;
			children = (
				18AA10292BA0005B006DC865 /* AppDelegate.swift */,
				18AA102B2BA0005B006DC865 /* SceneDelegate.swift */,
				18AA103D2BA017F5006DC865 /* SearchVC.swift */,
				18AA103F2BA0181E006DC865 /* FavouritesListVC.swift */,
				18AA10322BA0005C006DC865 /* Assets.xcassets */,
				18AA10342BA0005C006DC865 /* LaunchScreen.storyboard */,
				18AA10372BA0005C006DC865 /* Info.plist */,
				18AA10412BA01E76006DC865 /* GFButton.swift */,
				18AA10432BA021CF006DC865 /* GFSearchTextField.swift */,
				18AA10452BA0388A006DC865 /* FollowerListVC.swift */,
				18AA10472BA066F7006DC865 /* GFTitleLabel.swift */,
				18AA10492BA06878006DC865 /* GFBodyLabel.swift */,
				18AA104B2BA06955006DC865 /* GFAlertVC.swift */,
				18AA104F2BA06FD8006DC865 /* UIViewController+Ext.swift */,
			);
			path = "github-followers";
			sourceTree = "<group>";
		};
/* End PBXGroup section */

/* Begin PBXNativeTarget section */
		18AA10252BA0005B006DC865 /* github-followers */ = {
			isa = PBXNativeTarget;
			buildConfigurationList = 18AA103A2BA0005C006DC865 /* Build configuration list for PBXNativeTarget "github-followers" */;
			buildPhases = (
				18AA10222BA0005B006DC865 /* Sources */,
				18AA10232BA0005B006DC865 /* Frameworks */,
				18AA10242BA0005B006DC865 /* Resources */,
			);
			buildRules = (
			);
			dependencies = (
			);
			name = "github-followers";
			productName = "github-followers";
			productReference = 18AA10262BA0005B006DC865 /* github-followers.app */;
			productType = "com.apple.product-type.application";
		};
/* End PBXNativeTarget section */

/* Begin PBXProject section */
		18AA101E2BA0005B006DC865 /* Project object */ = {
			isa = PBXProject;
			attributes = {
				BuildIndependentTargetsInParallel = 1;
				LastSwiftUpdateCheck = 1530;
				LastUpgradeCheck = 1530;
				TargetAttributes = {
					18AA10252BA0005B006DC865 = {
						CreatedOnToolsVersion = 15.3;
					};
				};
			};
			buildConfigurationList = 18AA10212BA0005B006DC865 /* Build configuration list for PBXProject "github-followers" */;
			compatibilityVersion = "Xcode 14.0";
			developmentRegion = en;
			hasScannedForEncodings = 0;
			knownRegions = (
				en,
				Base,
			);
			mainGroup = 18AA101D2BA0005B006DC865;
			productRefGroup = 18AA10272BA0005B006DC865 /* Products */;
			projectDirPath = "";
			projectRoot = "";
			targets = (
				18AA10252BA0005B006DC865 /* github-followers */,
			);
		};
/* End PBXProject section */

/* Begin PBXResourcesBuildPhase section */
		18AA10242BA0005B006DC865 /* Resources */ = {
			isa = PBXResourcesBuildPhase;
			buildActionMask = 2147483647;
			files = (
				18AA10332BA0005C006DC865 /* Assets.xcassets in Resources */,
				18AA10362BA0005C006DC865 /* Base in Resources */,
			);
			runOnlyForDeploymentPostprocessing = 0;
		};
/* End PBXResourcesBuildPhase section */

/* Begin PBXSourcesBuildPhase section */
		18AA10222BA0005B006DC865 /* Sources */ = {
			isa = PBXSourcesBuildPhase;
			buildActionMask = 2147483647;
			files = (
				18AA103E2BA017F5006DC865 /* SearchVC.swift in Sources */,
				18AA10422BA01E76006DC865 /* GFButton.swift in Sources */,
				18AA102A2BA0005B006DC865 /* AppDelegate.swift in Sources */,
				18AA10502BA06FD8006DC865 /* UIViewController+Ext.swift in Sources */,
				18AA10402BA0181E006DC865 /* FavouritesListVC.swift in Sources */,
				18AA104C2BA06955006DC865 /* GFAlertVC.swift in Sources */,
				18AA104A2BA06878006DC865 /* GFBodyLabel.swift in Sources */,
				18AA10482BA066F7006DC865 /* GFTitleLabel.swift in Sources */,
				18AA10462BA0388A006DC865 /* FollowerListVC.swift in Sources */,
				18AA10442BA021CF006DC865 /* GFSearchTextField.swift in Sources */,
				18AA102C2BA0005B006DC865 /* SceneDelegate.swift in Sources */,
			);
			runOnlyForDeploymentPostprocessing = 0;
		};
/* End PBXSourcesBuildPhase section */

/* Begin PBXVariantGroup section */
		18AA10342BA0005C006DC865 /* LaunchScreen.storyboard */ = {
			isa = PBXVariantGroup;
			children = (
				18AA10352BA0005C006DC865 /* Base */,
			);
			name = LaunchScreen.storyboard;
			sourceTree = "<group>";
		};
/* End PBXVariantGroup section */

/* Begin XCBuildConfiguration section */
		18AA10382BA0005C006DC865 /* Debug */ = {
			isa = XCBuildConfiguration;
			buildSettings = {
				ALWAYS_SEARCH_USER_PATHS = NO;
				ASSETCATALOG_COMPILER_GENERATE_SWIFT_ASSET_SYMBOL_EXTENSIONS = YES;
				CLANG_ANALYZER_NONNULL = YES;
				CLANG_ANALYZER_NUMBER_OBJECT_CONVERSION = YES_AGGRESSIVE;
				CLANG_CXX_LANGUAGE_STANDARD = "gnu++20";
				CLANG_ENABLE_MODULES = YES;
				CLANG_ENABLE_OBJC_ARC = YES;
				CLANG_ENABLE_OBJC_WEAK = YES;
				CLANG_WARN_BLOCK_CAPTURE_AUTORELEASING = YES;
				CLANG_WARN_BOOL_CONVERSION = YES;
				CLANG_WARN_COMMA = YES;
				CLANG_WARN_CONSTANT_CONVERSION = YES;
				CLANG_WARN_DEPRECATED_OBJC_IMPLEMENTATIONS = YES;
				CLANG_WARN_DIRECT_OBJC_ISA_USAGE = YES_ERROR;
				CLANG_WARN_DOCUMENTATION_COMMENTS = YES;
				CLANG_WARN_EMPTY_BODY = YES;
				CLANG_WARN_ENUM_CONVERSION = YES;
				CLANG_WARN_INFINITE_RECURSION = YES;
				CLANG_WARN_INT_CONVERSION = YES;
				CLANG_WARN_NON_LITERAL_NULL_CONVERSION = YES;
				CLANG_WARN_OBJC_IMPLICIT_RETAIN_SELF = YES;
				CLANG_WARN_OBJC_LITERAL_CONVERSION = YES;
				CLANG_WARN_OBJC_ROOT_CLASS = YES_ERROR;
				CLANG_WARN_QUOTED_INCLUDE_IN_FRAMEWORK_HEADER = YES;
				CLANG_WARN_RANGE_LOOP_ANALYSIS = YES;
				CLANG_WARN_STRICT_PROTOTYPES = YES;
				CLANG_WARN_SUSPICIOUS_MOVE = YES;
				CLANG_WARN_UNGUARDED_AVAILABILITY = YES_AGGRESSIVE;
				CLANG_WARN_UNREACHABLE_CODE = YES;
				CLANG_WARN__DUPLICATE_METHOD_MATCH = YES;
				COPY_PHASE_STRIP = NO;
				DEBUG_INFORMATION_FORMAT = dwarf;
				ENABLE_STRICT_OBJC_MSGSEND = YES;
				ENABLE_TESTABILITY = YES;
				ENABLE_USER_SCRIPT_SANDBOXING = YES;
				GCC_C_LANGUAGE_STANDARD = gnu17;
				GCC_DYNAMIC_NO_PIC = NO;
				GCC_NO_COMMON_BLOCKS = YES;
				GCC_OPTIMIZATION_LEVEL = 0;
				GCC_PREPROCESSOR_DEFINITIONS = (
					"DEBUG=1",
					"$(inherited)",
				);
				GCC_WARN_64_TO_32_BIT_CONVERSION = YES;
				GCC_WARN_ABOUT_RETURN_TYPE = YES_ERROR;
				GCC_WARN_UNDECLARED_SELECTOR = YES;
				GCC_WARN_UNINITIALIZED_AUTOS = YES_AGGRESSIVE;
				GCC_WARN_UNUSED_FUNCTION = YES;
				GCC_WARN_UNUSED_VARIABLE = YES;
				IPHONEOS_DEPLOYMENT_TARGET = 17.4;
				LOCALIZATION_PREFERS_STRING_CATALOGS = YES;
				MTL_ENABLE_DEBUG_INFO = INCLUDE_SOURCE;
				MTL_FAST_MATH = YES;
				ONLY_ACTIVE_ARCH = YES;
				SDKROOT = iphoneos;
				SWIFT_ACTIVE_COMPILATION_CONDITIONS = "DEBUG $(inherited)";
				SWIFT_OPTIMIZATION_LEVEL = "-Onone";
			};
			name = Debug;
		};
		18AA10392BA0005C006DC865 /* Release */ = {
			isa = XCBuildConfiguration;
			buildSettings = {
				ALWAYS_SEARCH_USER_PATHS = NO;
				ASSETCATALOG_COMPILER_GENERATE_SWIFT_ASSET_SYMBOL_EXTENSIONS = YES;
				CLANG_ANALYZER_NONNULL = YES;
				CLANG_ANALYZER_NUMBER_OBJECT_CONVERSION = YES_AGGRESSIVE;
				CLANG_CXX_LANGUAGE_STANDARD = "gnu++20";
				CLANG_ENABLE_MODULES = YES;
				CLANG_ENABLE_OBJC_ARC = YES;
				CLANG_ENABLE_OBJC_WEAK = YES;
				CLANG_WARN_BLOCK_CAPTURE_AUTORELEASING = YES;
				CLANG_WARN_BOOL_CONVERSION = YES;
				CLANG_WARN_COMMA = YES;
				CLANG_WARN_CONSTANT_CONVERSION = YES;
				CLANG_WARN_DEPRECATED_OBJC_IMPLEMENTATIONS = YES;
				CLANG_WARN_DIRECT_OBJC_ISA_USAGE = YES_ERROR;
				CLANG_WARN_DOCUMENTATION_COMMENTS = YES;
				CLANG_WARN_EMPTY_BODY = YES;
				CLANG_WARN_ENUM_CONVERSION = YES;
				CLANG_WARN_INFINITE_RECURSION = YES;
				CLANG_WARN_INT_CONVERSION = YES;
				CLANG_WARN_NON_LITERAL_NULL_CONVERSION = YES;
				CLANG_WARN_OBJC_IMPLICIT_RETAIN_SELF = YES;
				CLANG_WARN_OBJC_LITERAL_CONVERSION = YES;
				CLANG_WARN_OBJC_ROOT_CLASS = YES_ERROR;
				CLANG_WARN_QUOTED_INCLUDE_IN_FRAMEWORK_HEADER = YES;
				CLANG_WARN_RANGE_LOOP_ANALYSIS = YES;
				CLANG_WARN_STRICT_PROTOTYPES = YES;
				CLANG_WARN_SUSPICIOUS_MOVE = YES;
				CLANG_WARN_UNGUARDED_AVAILABILITY = YES_AGGRESSIVE;
				CLANG_WARN_UNREACHABLE_CODE = YES;
				CLANG_WARN__DUPLICATE_METHOD_MATCH = YES;
				COPY_PHASE_STRIP = NO;
				DEBUG_INFORMATION_FORMAT = "dwarf-with-dsym";
				ENABLE_NS_ASSERTIONS = NO;
				ENABLE_STRICT_OBJC_MSGSEND = YES;
				ENABLE_USER_SCRIPT_SANDBOXING = YES;
				GCC_C_LANGUAGE_STANDARD = gnu17;
				GCC_NO_COMMON_BLOCKS = YES;
				GCC_WARN_64_TO_32_BIT_CONVERSION = YES;
				GCC_WARN_ABOUT_RETURN_TYPE = YES_ERROR;
				GCC_WARN_UNDECLARED_SELECTOR = YES;
				GCC_WARN_UNINITIALIZED_AUTOS = YES_AGGRESSIVE;
				GCC_WARN_UNUSED_FUNCTION = YES;
				GCC_WARN_UNUSED_VARIABLE = YES;
				IPHONEOS_DEPLOYMENT_TARGET = 17.4;
				LOCALIZATION_PREFERS_STRING_CATALOGS = YES;
				MTL_ENABLE_DEBUG_INFO = NO;
				MTL_FAST_MATH = YES;
				SDKROOT = iphoneos;
				SWIFT_COMPILATION_MODE = wholemodule;
				VALIDATE_PRODUCT = YES;
			};
			name = Release;
		};
		18AA103B2BA0005C006DC865 /* Debug */ = {
			isa = XCBuildConfiguration;
			buildSettings = {
				ASSETCATALOG_COMPILER_APPICON_NAME = AppIcon;
				ASSETCATALOG_COMPILER_GLOBAL_ACCENT_COLOR_NAME = AccentColor;
				CODE_SIGN_STYLE = Automatic;
				CURRENT_PROJECT_VERSION = 1;
				DEVELOPMENT_TEAM = G3LYTYNN7A;
				GENERATE_INFOPLIST_FILE = YES;
				INFOPLIST_FILE = "github-followers/Info.plist";
				INFOPLIST_KEY_UIApplicationSupportsIndirectInputEvents = YES;
				INFOPLIST_KEY_UILaunchStoryboardName = LaunchScreen;
				INFOPLIST_KEY_UISupportedInterfaceOrientations = UIInterfaceOrientationPortrait;
				LD_RUNPATH_SEARCH_PATHS = (
					"$(inherited)",
					"@executable_path/Frameworks",
				);
				MARKETING_VERSION = 1.0;
				PRODUCT_BUNDLE_IDENTIFIER = "jashankishore.github-followers";
				PRODUCT_NAME = "$(TARGET_NAME)";
				SWIFT_EMIT_LOC_STRINGS = YES;
				SWIFT_VERSION = 5.0;
				TARGETED_DEVICE_FAMILY = "1,2";
			};
			name = Debug;
		};
		18AA103C2BA0005C006DC865 /* Release */ = {
			isa = XCBuildConfiguration;
			buildSettings = {
				ASSETCATALOG_COMPILER_APPICON_NAME = AppIcon;
				ASSETCATALOG_COMPILER_GLOBAL_ACCENT_COLOR_NAME = AccentColor;
				CODE_SIGN_STYLE = Automatic;
				CURRENT_PROJECT_VERSION = 1;
				DEVELOPMENT_TEAM = G3LYTYNN7A;
				GENERATE_INFOPLIST_FILE = YES;
				INFOPLIST_FILE = "github-followers/Info.plist";
				INFOPLIST_KEY_UIApplicationSupportsIndirectInputEvents = YES;
				INFOPLIST_KEY_UILaunchStoryboardName = LaunchScreen;
				INFOPLIST_KEY_UISupportedInterfaceOrientations = UIInterfaceOrientationPortrait;
				LD_RUNPATH_SEARCH_PATHS = (
					"$(inherited)",
					"@executable_path/Frameworks",
				);
				MARKETING_VERSION = 1.0;
				PRODUCT_BUNDLE_IDENTIFIER = "jashankishore.github-followers";
				PRODUCT_NAME = "$(TARGET_NAME)";
				SWIFT_EMIT_LOC_STRINGS = YES;
				SWIFT_VERSION = 5.0;
				TARGETED_DEVICE_FAMILY = "1,2";
			};
			name = Release;
		};
/* End XCBuildConfiguration section */

/* Begin XCConfigurationList section */
		18AA10212BA0005B006DC865 /* Build configuration list for PBXProject "github-followers" */ = {
			isa = XCConfigurationList;
			buildConfigurations = (
				18AA10382BA0005C006DC865 /* Debug */,
				18AA10392BA0005C006DC865 /* Release */,
			);
			defaultConfigurationIsVisible = 0;
			defaultConfigurationName = Release;
		};
		18AA103A2BA0005C006DC865 /* Build configuration list for PBXNativeTarget "github-followers" */ = {
			isa = XCConfigurationList;
			buildConfigurations = (
				18AA103B2BA0005C006DC865 /* Debug */,
				18AA103C2BA0005C006DC865 /* Release */,
			);
			defaultConfigurationIsVisible = 0;
			defaultConfigurationName = Release;
		};
/* End XCConfigurationList section */
	};
	rootObject = 18AA101E2BA0005B006DC865 /* Project object */;
}
